
Microsoft Visual Studio Solution File, Format Version 12.00
# Visual Studio Version 17
VisualStudioVersion = 17.3.32901.215
MinimumVisualStudioVersion = 10.0.40219.1
Project("{2150E333-8FDC-42A3-9474-1A3956D46DE8}") = "src", "src", "{CF4E15FB-0EF4-45FB-A541-AD8173E601C6}"
EndProject
Project("{9A19103F-16F7-4668-BE54-9A1E7A4F7556}") = "OpenStackSwiftClient", "src\OpenStackSwiftClient\OpenStackSwiftClient.csproj", "{90843FCD-A260-4289-B58A-B0F914B9C0B0}"
EndProject
Project("{2150E333-8FDC-42A3-9474-1A3956D46DE8}") = "test", "test", "{11A22E9E-9695-47F6-8A7D-ECC809DF6856}"
EndProject
Project("{FAE04EC0-301F-11D3-BF4B-00C04F79EFBC}") = "OpenStackSwiftClient.UnitTests", "test\OpenStackSwiftClient.UnitTests\OpenStackSwiftClient.UnitTests.csproj", "{F9B85104-7FD8-4A67-A8BC-448F42A333AA}"
EndProject
Global
	GlobalSection(SolutionConfigurationPlatforms) = preSolution
		Debug|Any CPU = Debug|Any CPU
		Release|Any CPU = Release|Any CPU
	EndGlobalSection
	GlobalSection(ProjectConfigurationPlatforms) = postSolution
		{90843FCD-A260-4289-B58A-B0F914B9C0B0}.Debug|Any CPU.ActiveCfg = Debug|Any CPU
		{90843FCD-A260-4289-B58A-B0F914B9C0B0}.Debug|Any CPU.Build.0 = Debug|Any CPU
		{90843FCD-A260-4289-B58A-B0F914B9C0B0}.Release|Any CPU.ActiveCfg = Release|Any CPU
		{90843FCD-A260-4289-B58A-B0F914B9C0B0}.Release|Any CPU.Build.0 = Release|Any CPU
		{F9B85104-7FD8-4A67-A8BC-448F42A333AA}.Debug|Any CPU.ActiveCfg = Debug|Any CPU
		{F9B85104-7FD8-4A67-A8BC-448F42A333AA}.Debug|Any CPU.Build.0 = Debug|Any CPU
		{F9B85104-7FD8-4A67-A8BC-448F42A333AA}.Release|Any CPU.ActiveCfg = Release|Any CPU
		{F9B85104-7FD8-4A67-A8BC-448F42A333AA}.Release|Any CPU.Build.0 = Release|Any CPU
	EndGlobalSection
	GlobalSection(SolutionProperties) = preSolution
		HideSolutionNode = FALSE
	EndGlobalSection
	GlobalSection(NestedProjects) = preSolution
		{90843FCD-A260-4289-B58A-B0F914B9C0B0} = {CF4E15FB-0EF4-45FB-A541-AD8173E601C6}
		{F9B85104-7FD8-4A67-A8BC-448F42A333AA} = {11A22E9E-9695-47F6-8A7D-ECC809DF6856}
	EndGlobalSection
	GlobalSection(ExtensibilityGlobals) = postSolution
		SolutionGuid = {25079966-F4CF-4135-BF51-5AE8FAC40401}
	EndGlobalSection
EndGlobal
